
Microsoft Visual Studio Solution File, Format Version 12.00
# Visual Studio 15
VisualStudioVersion = 15.0.26430.14
MinimumVisualStudioVersion = 10.0.40219.1
Project("{FAE04EC0-301F-11D3-BF4B-00C04F79EFBC}") = "App1", "App1\App1.csproj", "{D7482DAB-DB95-48E5-8022-B4ADEC433439}"
EndProject
Project("{FAE04EC0-301F-11D3-BF4B-00C04F79EFBC}") = "App2", "App2\App2.csproj", "{F4188DE8-7FBF-4B94-80A5-885A37C43E9B}"
EndProject
Project("{FAE04EC0-301F-11D3-BF4B-00C04F79EFBC}") = "App3", "App3\App3.csproj", "{F7A4EEF8-45DD-4E1C-9F1E-D470FE96DED0}"
EndProject
Global
	GlobalSection(SolutionConfigurationPlatforms) = preSolution
		Debug|Any CPU = Debug|Any CPU
		Release|Any CPU = Release|Any CPU
	EndGlobalSection
	GlobalSection(ProjectConfigurationPlatforms) = postSolution
		{D7482DAB-DB95-48E5-8022-B4ADEC433439}.Debug|Any CPU.ActiveCfg = Debug|Any CPU
		{D7482DAB-DB95-48E5-8022-B4ADEC433439}.Debug|Any CPU.Build.0 = Debug|Any CPU
		{D7482DAB-DB95-48E5-8022-B4ADEC433439}.Release|Any CPU.ActiveCfg = Release|Any CPU
		{D7482DAB-DB95-48E5-8022-B4ADEC433439}.Release|Any CPU.Build.0 = Release|Any CPU
		{F4188DE8-7FBF-4B94-80A5-885A37C43E9B}.Debug|Any CPU.ActiveCfg = Debug|Any CPU
		{F4188DE8-7FBF-4B94-80A5-885A37C43E9B}.Debug|Any CPU.Build.0 = Debug|Any CPU
		{F4188DE8-7FBF-4B94-80A5-885A37C43E9B}.Release|Any CPU.ActiveCfg = Release|Any CPU
		{F4188DE8-7FBF-4B94-80A5-885A37C43E9B}.Release|Any CPU.Build.0 = Release|Any CPU
		{F7A4EEF8-45DD-4E1C-9F1E-D470FE96DED0}.Debug|Any CPU.ActiveCfg = Debug|Any CPU
		{F7A4EEF8-45DD-4E1C-9F1E-D470FE96DED0}.Debug|Any CPU.Build.0 = Debug|Any CPU
		{F7A4EEF8-45DD-4E1C-9F1E-D470FE96DED0}.Release|Any CPU.ActiveCfg = Release|Any CPU
		{F7A4EEF8-45DD-4E1C-9F1E-D470FE96DED0}.Release|Any CPU.Build.0 = Release|Any CPU
	EndGlobalSection
	GlobalSection(SolutionProperties) = preSolution
		HideSolutionNode = FALSE
	EndGlobalSection
EndGlobal
