
Microsoft Visual Studio Solution File, Format Version 12.00
# Visual Studio 15
VisualStudioVersion = 15.0.26430.13
MinimumVisualStudioVersion = 10.0.40219.1
Project("{FAE04EC0-301F-11D3-BF4B-00C04F79EFBC}") = "App1", "App1\App1.csproj", "{659AE185-27B6-4A93-B9AE-AEE23CDD7440}"
EndProject
Project("{FAE04EC0-301F-11D3-BF4B-00C04F79EFBC}") = "App2", "App2\App2.csproj", "{63D91CFC-4497-4AE9-9890-42E15A1A3B95}"
EndProject
Project("{FAE04EC0-301F-11D3-BF4B-00C04F79EFBC}") = "App3", "App3\App3.csproj", "{703624E0-700B-4869-B0BF-88EFE9B0A786}"
EndProject
Global
	GlobalSection(SolutionConfigurationPlatforms) = preSolution
		Debug|Any CPU = Debug|Any CPU
		Release|Any CPU = Release|Any CPU
	EndGlobalSection
	GlobalSection(ProjectConfigurationPlatforms) = postSolution
		{659AE185-27B6-4A93-B9AE-AEE23CDD7440}.Debug|Any CPU.ActiveCfg = Debug|Any CPU
		{659AE185-27B6-4A93-B9AE-AEE23CDD7440}.Debug|Any CPU.Build.0 = Debug|Any CPU
		{659AE185-27B6-4A93-B9AE-AEE23CDD7440}.Release|Any CPU.ActiveCfg = Release|Any CPU
		{659AE185-27B6-4A93-B9AE-AEE23CDD7440}.Release|Any CPU.Build.0 = Release|Any CPU
		{63D91CFC-4497-4AE9-9890-42E15A1A3B95}.Debug|Any CPU.ActiveCfg = Debug|Any CPU
		{63D91CFC-4497-4AE9-9890-42E15A1A3B95}.Debug|Any CPU.Build.0 = Debug|Any CPU
		{63D91CFC-4497-4AE9-9890-42E15A1A3B95}.Release|Any CPU.ActiveCfg = Release|Any CPU
		{63D91CFC-4497-4AE9-9890-42E15A1A3B95}.Release|Any CPU.Build.0 = Release|Any CPU
		{703624E0-700B-4869-B0BF-88EFE9B0A786}.Debug|Any CPU.ActiveCfg = Debug|Any CPU
		{703624E0-700B-4869-B0BF-88EFE9B0A786}.Debug|Any CPU.Build.0 = Debug|Any CPU
		{703624E0-700B-4869-B0BF-88EFE9B0A786}.Release|Any CPU.ActiveCfg = Release|Any CPU
		{703624E0-700B-4869-B0BF-88EFE9B0A786}.Release|Any CPU.Build.0 = Release|Any CPU
	EndGlobalSection
	GlobalSection(SolutionProperties) = preSolution
		HideSolutionNode = FALSE
	EndGlobalSection
EndGlobal
