
Microsoft Visual Studio Solution File, Format Version 12.00
# Visual Studio 15
VisualStudioVersion = 15.0.26430.15
MinimumVisualStudioVersion = 10.0.40219.1
Project("{FAE04EC0-301F-11D3-BF4B-00C04F79EFBC}") = "App1", "App1\App1.csproj", "{BC720B5E-22A5-4C7C-929D-31CABEB7A667}"
EndProject
Project("{FAE04EC0-301F-11D3-BF4B-00C04F79EFBC}") = "App2", "App2\App2.csproj", "{FDE610E8-454D-4119-9D3B-DDDE0BD533D7}"
EndProject
Global
	GlobalSection(SolutionConfigurationPlatforms) = preSolution
		Debug|Any CPU = Debug|Any CPU
		Release|Any CPU = Release|Any CPU
	EndGlobalSection
	GlobalSection(ProjectConfigurationPlatforms) = postSolution
		{BC720B5E-22A5-4C7C-929D-31CABEB7A667}.Debug|Any CPU.ActiveCfg = Debug|Any CPU
		{BC720B5E-22A5-4C7C-929D-31CABEB7A667}.Debug|Any CPU.Build.0 = Debug|Any CPU
		{BC720B5E-22A5-4C7C-929D-31CABEB7A667}.Release|Any CPU.ActiveCfg = Release|Any CPU
		{BC720B5E-22A5-4C7C-929D-31CABEB7A667}.Release|Any CPU.Build.0 = Release|Any CPU
		{FDE610E8-454D-4119-9D3B-DDDE0BD533D7}.Debug|Any CPU.ActiveCfg = Debug|Any CPU
		{FDE610E8-454D-4119-9D3B-DDDE0BD533D7}.Debug|Any CPU.Build.0 = Debug|Any CPU
		{FDE610E8-454D-4119-9D3B-DDDE0BD533D7}.Release|Any CPU.ActiveCfg = Release|Any CPU
		{FDE610E8-454D-4119-9D3B-DDDE0BD533D7}.Release|Any CPU.Build.0 = Release|Any CPU
	EndGlobalSection
	GlobalSection(SolutionProperties) = preSolution
		HideSolutionNode = FALSE
	EndGlobalSection
EndGlobal
